
Microsoft Visual Studio Solution File, Format Version 12.00
# Visual Studio Version 16
VisualStudioVersion = 16.0.30517.126
MinimumVisualStudioVersion = 10.0.40219.1
Project("{9A19103F-16F7-4668-BE54-9A1E7A4F7556}") = "blackjack", "blackjack\blackjack.csproj", "{E0C00957-8FC5-4A92-8109-AC615D53FD76}"
EndProject
Project("{54435603-DBB4-11D2-8724-00A0C9A8B90C}") = "BJSetup", "BJSetup\BJSetup.vdproj", "{4EF5D224-6066-413B-BADD-64FFC75C2924}"
EndProject
Global
	GlobalSection(SolutionConfigurationPlatforms) = preSolution
		Debug|Any CPU = Debug|Any CPU
		Release|Any CPU = Release|Any CPU
	EndGlobalSection
	GlobalSection(ProjectConfigurationPlatforms) = postSolution
		{E0C00957-8FC5-4A92-8109-AC615D53FD76}.Debug|Any CPU.ActiveCfg = Debug|Any CPU
		{E0C00957-8FC5-4A92-8109-AC615D53FD76}.Debug|Any CPU.Build.0 = Debug|Any CPU
		{E0C00957-8FC5-4A92-8109-AC615D53FD76}.Release|Any CPU.ActiveCfg = Release|Any CPU
		{E0C00957-8FC5-4A92-8109-AC615D53FD76}.Release|Any CPU.Build.0 = Release|Any CPU
		{4EF5D224-6066-413B-BADD-64FFC75C2924}.Debug|Any CPU.ActiveCfg = Debug
		{4EF5D224-6066-413B-BADD-64FFC75C2924}.Release|Any CPU.ActiveCfg = Release
	EndGlobalSection
	GlobalSection(SolutionProperties) = preSolution
		HideSolutionNode = FALSE
	EndGlobalSection
	GlobalSection(ExtensibilityGlobals) = postSolution
		SolutionGuid = {CFF2F4A1-186C-476A-BA23-D2F91BFBF91E}
	EndGlobalSection
EndGlobal
